
Microsoft Visual Studio Solution File, Format Version 12.00
# Visual Studio 15
VisualStudioVersion = 15.0.27703.2000
MinimumVisualStudioVersion = 10.0.40219.1
Project("{888888A0-9F3D-457C-B088-3A5042F75D52}") = "StereoDepthImage", "StereoDepthImage\StereoDepthImage.pyproj", "{D09DE7E9-C2CA-4FB5-BE16-165021E1E025}"
EndProject
Global
	GlobalSection(SolutionConfigurationPlatforms) = preSolution
		Debug|Any CPU = Debug|Any CPU
		Release|Any CPU = Release|Any CPU
	EndGlobalSection
	GlobalSection(ProjectConfigurationPlatforms) = postSolution
		{D09DE7E9-C2CA-4FB5-BE16-165021E1E025}.Debug|Any CPU.ActiveCfg = Debug|Any CPU
		{D09DE7E9-C2CA-4FB5-BE16-165021E1E025}.Release|Any CPU.ActiveCfg = Release|Any CPU
	EndGlobalSection
	GlobalSection(SolutionProperties) = preSolution
		HideSolutionNode = FALSE
	EndGlobalSection
	GlobalSection(ExtensibilityGlobals) = postSolution
		SolutionGuid = {710D83B0-BB04-4724-B246-C4C2A8AAA630}
	EndGlobalSection
EndGlobal
